
Microsoft Visual Studio Solution File, Format Version 12.00
# Visual Studio 15
VisualStudioVersion = 15.0.27004.2006
MinimumVisualStudioVersion = 10.0.40219.1
Project("{FAE04EC0-301F-11D3-BF4B-00C04F79EFBC}") = "InsertionSort", "InsertionSort.csproj", "{1C937610-0A5E-4BB1-9A06-6EEFFA7F07CA}"
EndProject
Global
	GlobalSection(SolutionConfigurationPlatforms) = preSolution
		Debug|Any CPU = Debug|Any CPU
		Release|Any CPU = Release|Any CPU
	EndGlobalSection
	GlobalSection(ProjectConfigurationPlatforms) = postSolution
		{1C937610-0A5E-4BB1-9A06-6EEFFA7F07CA}.Debug|Any CPU.ActiveCfg = Debug|Any CPU
		{1C937610-0A5E-4BB1-9A06-6EEFFA7F07CA}.Debug|Any CPU.Build.0 = Debug|Any CPU
		{1C937610-0A5E-4BB1-9A06-6EEFFA7F07CA}.Release|Any CPU.ActiveCfg = Release|Any CPU
		{1C937610-0A5E-4BB1-9A06-6EEFFA7F07CA}.Release|Any CPU.Build.0 = Release|Any CPU
	EndGlobalSection
	GlobalSection(SolutionProperties) = preSolution
		HideSolutionNode = FALSE
	EndGlobalSection
	GlobalSection(ExtensibilityGlobals) = postSolution
		SolutionGuid = {8A43BEE1-153C-43DC-87F9-3C7E40052D71}
	EndGlobalSection
EndGlobal
