
Microsoft Visual Studio Solution File, Format Version 12.00
# Visual Studio Version 16
VisualStudioVersion = 16.0.31019.35
MinimumVisualStudioVersion = 10.0.40219.1
Project("{9A19103F-16F7-4668-BE54-9A1E7A4F7556}") = "Heap Sort", "HeapSort\Heap Sort.csproj", "{923DD8E0-9600-4F7F-AFB3-7212EED48EA9}"
EndProject
Project("{9A19103F-16F7-4668-BE54-9A1E7A4F7556}") = "Heap Tests", "HeapTests\Heap Tests.csproj", "{8E65D670-5E1B-48D9-BEE0-8A6E381A5837}"
EndProject
Project("{9A19103F-16F7-4668-BE54-9A1E7A4F7556}") = "Sort Test", "SortTests\Sort Test.csproj", "{A0C6E363-922E-413A-9106-A5DFD5151D03}"
EndProject
Global
	GlobalSection(SolutionConfigurationPlatforms) = preSolution
		Debug|Any CPU = Debug|Any CPU
		Release|Any CPU = Release|Any CPU
	EndGlobalSection
	GlobalSection(ProjectConfigurationPlatforms) = postSolution
		{923DD8E0-9600-4F7F-AFB3-7212EED48EA9}.Debug|Any CPU.ActiveCfg = Debug|Any CPU
		{923DD8E0-9600-4F7F-AFB3-7212EED48EA9}.Debug|Any CPU.Build.0 = Debug|Any CPU
		{923DD8E0-9600-4F7F-AFB3-7212EED48EA9}.Release|Any CPU.ActiveCfg = Release|Any CPU
		{923DD8E0-9600-4F7F-AFB3-7212EED48EA9}.Release|Any CPU.Build.0 = Release|Any CPU
		{8E65D670-5E1B-48D9-BEE0-8A6E381A5837}.Debug|Any CPU.ActiveCfg = Debug|Any CPU
		{8E65D670-5E1B-48D9-BEE0-8A6E381A5837}.Debug|Any CPU.Build.0 = Debug|Any CPU
		{8E65D670-5E1B-48D9-BEE0-8A6E381A5837}.Release|Any CPU.ActiveCfg = Release|Any CPU
		{8E65D670-5E1B-48D9-BEE0-8A6E381A5837}.Release|Any CPU.Build.0 = Release|Any CPU
		{A0C6E363-922E-413A-9106-A5DFD5151D03}.Debug|Any CPU.ActiveCfg = Debug|Any CPU
		{A0C6E363-922E-413A-9106-A5DFD5151D03}.Debug|Any CPU.Build.0 = Debug|Any CPU
		{A0C6E363-922E-413A-9106-A5DFD5151D03}.Release|Any CPU.ActiveCfg = Release|Any CPU
		{A0C6E363-922E-413A-9106-A5DFD5151D03}.Release|Any CPU.Build.0 = Release|Any CPU
	EndGlobalSection
	GlobalSection(SolutionProperties) = preSolution
		HideSolutionNode = FALSE
	EndGlobalSection
	GlobalSection(ExtensibilityGlobals) = postSolution
		SolutionGuid = {E5552F9D-8691-48BD-9F64-C978E9B0AE92}
	EndGlobalSection
EndGlobal
