
Microsoft Visual Studio Solution File, Format Version 12.00
# Visual Studio Version 16
VisualStudioVersion = 16.0.30011.22
MinimumVisualStudioVersion = 10.0.40219.1
Project("{9A19103F-16F7-4668-BE54-9A1E7A4F7556}") = "Fermat", "Fermat\Fermat.csproj", "{047DE53F-341B-4C4A-A7C6-47A78AD2E1E7}"
EndProject
Project("{FAE04EC0-301F-11D3-BF4B-00C04F79EFBC}") = "FermatTests", "FermatTests\FermatTests.csproj", "{97349C36-4AF6-4AA8-9E34-3D0778871A29}"
EndProject
Global
	GlobalSection(SolutionConfigurationPlatforms) = preSolution
		Debug|x64 = Debug|x64
		Release|x64 = Release|x64
	EndGlobalSection
	GlobalSection(ProjectConfigurationPlatforms) = postSolution
		{047DE53F-341B-4C4A-A7C6-47A78AD2E1E7}.Debug|x64.ActiveCfg = Debug|x64
		{047DE53F-341B-4C4A-A7C6-47A78AD2E1E7}.Debug|x64.Build.0 = Debug|x64
		{047DE53F-341B-4C4A-A7C6-47A78AD2E1E7}.Release|x64.ActiveCfg = Release|x64
		{047DE53F-341B-4C4A-A7C6-47A78AD2E1E7}.Release|x64.Build.0 = Release|x64
		{97349C36-4AF6-4AA8-9E34-3D0778871A29}.Debug|x64.ActiveCfg = Debug|x64
		{97349C36-4AF6-4AA8-9E34-3D0778871A29}.Debug|x64.Build.0 = Debug|x64
		{97349C36-4AF6-4AA8-9E34-3D0778871A29}.Release|x64.ActiveCfg = Release|x64
		{97349C36-4AF6-4AA8-9E34-3D0778871A29}.Release|x64.Build.0 = Release|x64
	EndGlobalSection
	GlobalSection(SolutionProperties) = preSolution
		HideSolutionNode = FALSE
	EndGlobalSection
	GlobalSection(ExtensibilityGlobals) = postSolution
		SolutionGuid = {C934C0E3-3919-42B5-90B3-0C3985955FFC}
	EndGlobalSection
EndGlobal
