
Microsoft Visual Studio Solution File, Format Version 12.00
# Visual Studio Version 17
VisualStudioVersion = 17.10.34902.84
MinimumVisualStudioVersion = 10.0.40219.1
Project("{FAE04EC0-301F-11D3-BF4B-00C04F79EFBC}") = "Geodesic", "Geodesic.csproj", "{30EA08F9-9837-4725-81F2-90EDD9CEDE30}"
EndProject
Global
	GlobalSection(SolutionConfigurationPlatforms) = preSolution
		Debug|Any CPU = Debug|Any CPU
		Release|Any CPU = Release|Any CPU
	EndGlobalSection
	GlobalSection(ProjectConfigurationPlatforms) = postSolution
		{30EA08F9-9837-4725-81F2-90EDD9CEDE30}.Debug|Any CPU.ActiveCfg = Debug|Any CPU
		{30EA08F9-9837-4725-81F2-90EDD9CEDE30}.Debug|Any CPU.Build.0 = Debug|Any CPU
		{30EA08F9-9837-4725-81F2-90EDD9CEDE30}.Release|Any CPU.ActiveCfg = Release|Any CPU
		{30EA08F9-9837-4725-81F2-90EDD9CEDE30}.Release|Any CPU.Build.0 = Release|Any CPU
	EndGlobalSection
	GlobalSection(SolutionProperties) = preSolution
		HideSolutionNode = FALSE
	EndGlobalSection
	GlobalSection(ExtensibilityGlobals) = postSolution
		SolutionGuid = {1ADBCC0D-9E52-4523-AC6E-249639E4F2FF}
	EndGlobalSection
EndGlobal
