
Microsoft Visual Studio Solution File, Format Version 12.00
# Visual Studio Version 16
VisualStudioVersion = 16.0.31019.35
MinimumVisualStudioVersion = 10.0.40219.1
Project("{9A19103F-16F7-4668-BE54-9A1E7A4F7556}") = "QuickSort", "QuickSort\QuickSort.csproj", "{EAE26845-29E1-4E09-A375-3265DCE5911E}"
EndProject
Project("{9A19103F-16F7-4668-BE54-9A1E7A4F7556}") = "Sort Test", "SortTest\Sort Test.csproj", "{32BDF3EC-7CDF-4507-A612-0F79EBB7C258}"
EndProject
Project("{9A19103F-16F7-4668-BE54-9A1E7A4F7556}") = "InsertionSort", "InsertionSort\InsertionSort.csproj", "{20C62960-8BFC-479A-B7C3-D70DB7100131}"
EndProject
Global
	GlobalSection(SolutionConfigurationPlatforms) = preSolution
		Debug|Any CPU = Debug|Any CPU
		Release|Any CPU = Release|Any CPU
	EndGlobalSection
	GlobalSection(ProjectConfigurationPlatforms) = postSolution
		{EAE26845-29E1-4E09-A375-3265DCE5911E}.Debug|Any CPU.ActiveCfg = Debug|Any CPU
		{EAE26845-29E1-4E09-A375-3265DCE5911E}.Debug|Any CPU.Build.0 = Debug|Any CPU
		{EAE26845-29E1-4E09-A375-3265DCE5911E}.Release|Any CPU.ActiveCfg = Release|Any CPU
		{EAE26845-29E1-4E09-A375-3265DCE5911E}.Release|Any CPU.Build.0 = Release|Any CPU
		{32BDF3EC-7CDF-4507-A612-0F79EBB7C258}.Debug|Any CPU.ActiveCfg = Debug|Any CPU
		{32BDF3EC-7CDF-4507-A612-0F79EBB7C258}.Debug|Any CPU.Build.0 = Debug|Any CPU
		{32BDF3EC-7CDF-4507-A612-0F79EBB7C258}.Release|Any CPU.ActiveCfg = Release|Any CPU
		{32BDF3EC-7CDF-4507-A612-0F79EBB7C258}.Release|Any CPU.Build.0 = Release|Any CPU
		{20C62960-8BFC-479A-B7C3-D70DB7100131}.Debug|Any CPU.ActiveCfg = Debug|Any CPU
		{20C62960-8BFC-479A-B7C3-D70DB7100131}.Debug|Any CPU.Build.0 = Debug|Any CPU
		{20C62960-8BFC-479A-B7C3-D70DB7100131}.Release|Any CPU.ActiveCfg = Release|Any CPU
		{20C62960-8BFC-479A-B7C3-D70DB7100131}.Release|Any CPU.Build.0 = Release|Any CPU
	EndGlobalSection
	GlobalSection(SolutionProperties) = preSolution
		HideSolutionNode = FALSE
	EndGlobalSection
	GlobalSection(ExtensibilityGlobals) = postSolution
		SolutionGuid = {F08DDFBA-219B-4257-ACE1-9B95FDE52DE7}
	EndGlobalSection
EndGlobal
