
Microsoft Visual Studio Solution File, Format Version 12.00
# Visual Studio Version 16
VisualStudioVersion = 16.0.31019.35
MinimumVisualStudioVersion = 10.0.40219.1
Project("{9A19103F-16F7-4668-BE54-9A1E7A4F7556}") = "MergeList", "MergeList\MergeList.csproj", "{DD88F619-6DD5-4A90-9B80-62759D8260E3}"
EndProject
Project("{9A19103F-16F7-4668-BE54-9A1E7A4F7556}") = "Sort Test", "SortTest\Sort Test.csproj", "{58581602-0B16-4FC7-A9EE-4F6B68EDB5AF}"
EndProject
Project("{9A19103F-16F7-4668-BE54-9A1E7A4F7556}") = "InsertionSort", "InsertionSort\InsertionSort.csproj", "{9AE5C91F-A3A0-4B25-AA48-27670EB2556F}"
EndProject
Global
	GlobalSection(SolutionConfigurationPlatforms) = preSolution
		Debug|Any CPU = Debug|Any CPU
		Release|Any CPU = Release|Any CPU
	EndGlobalSection
	GlobalSection(ProjectConfigurationPlatforms) = postSolution
		{DD88F619-6DD5-4A90-9B80-62759D8260E3}.Debug|Any CPU.ActiveCfg = Debug|Any CPU
		{DD88F619-6DD5-4A90-9B80-62759D8260E3}.Debug|Any CPU.Build.0 = Debug|Any CPU
		{DD88F619-6DD5-4A90-9B80-62759D8260E3}.Release|Any CPU.ActiveCfg = Release|Any CPU
		{DD88F619-6DD5-4A90-9B80-62759D8260E3}.Release|Any CPU.Build.0 = Release|Any CPU
		{58581602-0B16-4FC7-A9EE-4F6B68EDB5AF}.Debug|Any CPU.ActiveCfg = Debug|Any CPU
		{58581602-0B16-4FC7-A9EE-4F6B68EDB5AF}.Debug|Any CPU.Build.0 = Debug|Any CPU
		{58581602-0B16-4FC7-A9EE-4F6B68EDB5AF}.Release|Any CPU.ActiveCfg = Release|Any CPU
		{58581602-0B16-4FC7-A9EE-4F6B68EDB5AF}.Release|Any CPU.Build.0 = Release|Any CPU
		{9AE5C91F-A3A0-4B25-AA48-27670EB2556F}.Debug|Any CPU.ActiveCfg = Debug|Any CPU
		{9AE5C91F-A3A0-4B25-AA48-27670EB2556F}.Debug|Any CPU.Build.0 = Debug|Any CPU
		{9AE5C91F-A3A0-4B25-AA48-27670EB2556F}.Release|Any CPU.ActiveCfg = Release|Any CPU
		{9AE5C91F-A3A0-4B25-AA48-27670EB2556F}.Release|Any CPU.Build.0 = Release|Any CPU
	EndGlobalSection
	GlobalSection(SolutionProperties) = preSolution
		HideSolutionNode = FALSE
	EndGlobalSection
	GlobalSection(ExtensibilityGlobals) = postSolution
		SolutionGuid = {C1FD6590-72F4-43E6-B999-F9BF428F7DA1}
	EndGlobalSection
EndGlobal
