
Microsoft Visual Studio Solution File, Format Version 12.00
# Visual Studio Version 16
VisualStudioVersion = 16.0.31105.61
MinimumVisualStudioVersion = 10.0.40219.1
Project("{9A19103F-16F7-4668-BE54-9A1E7A4F7556}") = "Sort Test", "SortTest\Sort Test.csproj", "{951AEB69-D3DE-4076-A259-A719A3A55EFC}"
EndProject
Global
	GlobalSection(SolutionConfigurationPlatforms) = preSolution
		Debug|Any CPU = Debug|Any CPU
		Release|Any CPU = Release|Any CPU
	EndGlobalSection
	GlobalSection(ProjectConfigurationPlatforms) = postSolution
		{951AEB69-D3DE-4076-A259-A719A3A55EFC}.Debug|Any CPU.ActiveCfg = Debug|Any CPU
		{951AEB69-D3DE-4076-A259-A719A3A55EFC}.Debug|Any CPU.Build.0 = Debug|Any CPU
		{951AEB69-D3DE-4076-A259-A719A3A55EFC}.Release|Any CPU.ActiveCfg = Release|Any CPU
		{951AEB69-D3DE-4076-A259-A719A3A55EFC}.Release|Any CPU.Build.0 = Release|Any CPU
	EndGlobalSection
	GlobalSection(SolutionProperties) = preSolution
		HideSolutionNode = FALSE
	EndGlobalSection
	GlobalSection(ExtensibilityGlobals) = postSolution
		SolutionGuid = {CD1E6F2B-4CF4-4457-BA85-1709B1AED8C3}
	EndGlobalSection
EndGlobal
