
Microsoft Visual Studio Solution File, Format Version 12.00
# Visual Studio 15
VisualStudioVersion = 15.0.26430.16
MinimumVisualStudioVersion = 10.0.40219.1
Project("{888888A0-9F3D-457C-B088-3A5042F75D52}") = "ContinuedFraction", "ContinuedFraction\ContinuedFraction.pyproj", "{5DC53672-48AD-4493-8CF3-EF1D9F9C8AFD}"
EndProject
Global
	GlobalSection(SolutionConfigurationPlatforms) = preSolution
		Debug|Any CPU = Debug|Any CPU
		Release|Any CPU = Release|Any CPU
	EndGlobalSection
	GlobalSection(ProjectConfigurationPlatforms) = postSolution
		{5DC53672-48AD-4493-8CF3-EF1D9F9C8AFD}.Debug|Any CPU.ActiveCfg = Debug|Any CPU
		{5DC53672-48AD-4493-8CF3-EF1D9F9C8AFD}.Release|Any CPU.ActiveCfg = Release|Any CPU
	EndGlobalSection
	GlobalSection(SolutionProperties) = preSolution
		HideSolutionNode = FALSE
	EndGlobalSection
EndGlobal
