
Microsoft Visual Studio Solution File, Format Version 12.00
# Visual Studio Version 17
VisualStudioVersion = 17.1.31903.286
MinimumVisualStudioVersion = 10.0.40219.1
Project("{9A19103F-16F7-4668-BE54-9A1E7A4F7556}") = "Square", "Square\Square.csproj", "{EA214FC3-F996-4474-9832-D7BD35A0F904}"
EndProject
Project("{9A19103F-16F7-4668-BE54-9A1E7A4F7556}") = "Heap Sort", "..\Sort\HeapSort\Heap Sort.csproj", "{90A37313-AABF-4DAB-AB65-FFDA810FD2FD}"
EndProject
Project("{9A19103F-16F7-4668-BE54-9A1E7A4F7556}") = "Sort Test", "..\Sort\SortTest\Sort Test.csproj", "{1209FD5A-31FE-42FB-BC18-C79511A5A8C2}"
EndProject
Global
	GlobalSection(SolutionConfigurationPlatforms) = preSolution
		Debug|Any CPU = Debug|Any CPU
		Release|Any CPU = Release|Any CPU
	EndGlobalSection
	GlobalSection(ProjectConfigurationPlatforms) = postSolution
		{EA214FC3-F996-4474-9832-D7BD35A0F904}.Debug|Any CPU.ActiveCfg = Debug|Any CPU
		{EA214FC3-F996-4474-9832-D7BD35A0F904}.Debug|Any CPU.Build.0 = Debug|Any CPU
		{EA214FC3-F996-4474-9832-D7BD35A0F904}.Release|Any CPU.ActiveCfg = Release|Any CPU
		{EA214FC3-F996-4474-9832-D7BD35A0F904}.Release|Any CPU.Build.0 = Release|Any CPU
		{90A37313-AABF-4DAB-AB65-FFDA810FD2FD}.Debug|Any CPU.ActiveCfg = Debug|Any CPU
		{90A37313-AABF-4DAB-AB65-FFDA810FD2FD}.Debug|Any CPU.Build.0 = Debug|Any CPU
		{90A37313-AABF-4DAB-AB65-FFDA810FD2FD}.Release|Any CPU.ActiveCfg = Release|Any CPU
		{90A37313-AABF-4DAB-AB65-FFDA810FD2FD}.Release|Any CPU.Build.0 = Release|Any CPU
		{1209FD5A-31FE-42FB-BC18-C79511A5A8C2}.Debug|Any CPU.ActiveCfg = Debug|Any CPU
		{1209FD5A-31FE-42FB-BC18-C79511A5A8C2}.Debug|Any CPU.Build.0 = Debug|Any CPU
		{1209FD5A-31FE-42FB-BC18-C79511A5A8C2}.Release|Any CPU.ActiveCfg = Release|Any CPU
		{1209FD5A-31FE-42FB-BC18-C79511A5A8C2}.Release|Any CPU.Build.0 = Release|Any CPU
	EndGlobalSection
	GlobalSection(SolutionProperties) = preSolution
		HideSolutionNode = FALSE
	EndGlobalSection
	GlobalSection(ExtensibilityGlobals) = postSolution
		SolutionGuid = {79B1267D-BA57-493A-BAD6-8B94D5F15B8A}
	EndGlobalSection
EndGlobal
