
Microsoft Visual Studio Solution File, Format Version 12.00
# Visual Studio 15
VisualStudioVersion = 15.0.27428.2011
MinimumVisualStudioVersion = 10.0.40219.1
Project("{888888A0-9F3D-457C-B088-3A5042F75D52}") = "pySort", "pySort.pyproj", "{D00443F3-29B8-4B7A-A0B6-B8EAFF6CBBCA}"
EndProject
Global
	GlobalSection(SolutionConfigurationPlatforms) = preSolution
		Debug|Any CPU = Debug|Any CPU
		Release|Any CPU = Release|Any CPU
	EndGlobalSection
	GlobalSection(ProjectConfigurationPlatforms) = postSolution
		{D00443F3-29B8-4B7A-A0B6-B8EAFF6CBBCA}.Debug|Any CPU.ActiveCfg = Debug|Any CPU
		{D00443F3-29B8-4B7A-A0B6-B8EAFF6CBBCA}.Release|Any CPU.ActiveCfg = Release|Any CPU
	EndGlobalSection
	GlobalSection(SolutionProperties) = preSolution
		HideSolutionNode = FALSE
	EndGlobalSection
	GlobalSection(ExtensibilityGlobals) = postSolution
		SolutionGuid = {079BEFA7-FBA4-442E-85EC-C410DE134E9F}
	EndGlobalSection
EndGlobal
